lockfileVersion: 5.4

specifiers:
  '@formatjs/intl-localematcher': ^0.2.32
  '@types/negotiator': ^0.6.1
  negotiator: ^0.6.3

dependencies:
  '@formatjs/intl-localematcher': 0.2.32
  negotiator: 0.6.3

devDependencies:
  '@types/negotiator': 0.6.1

packages:

  /@formatjs/intl-localematcher/0.2.32:
    resolution: {integrity: sha512-k/MEBstff4sttohyEpXxCmC3MqbUn9VvHGlZ8fauLzkbwXmVrEeyzS+4uhrvAk9DWU9/7otYWxyDox4nT/KVLQ==}
    dependencies:
      tslib: 2.5.0
    dev: false

  /@types/negotiator/0.6.1:
    resolution: {integrity: sha512-c4mvXFByghezQ/eVGN5HvH/jI63vm3B7FiE81BUzDAWmuiohRecCO6ddU60dfq29oKUMiQujsoB2h0JQC7JHKA==}
    dev: true

  /negotiator/0.6.3:
    resolution: {integrity: sha512-+EUsqGPLsM+j/zdChZjsnX51g4XrHFOIXwfnCVPGlQk/k5giakcKsuxCObBRu6DSm9opw/O6slWbJdghQM4bBg==}
    engines: {node: '>= 0.6'}
    dev: false

  /tslib/2.5.0:
    resolution: {integrity: sha512-336iVw3rtn2BUK7ORdIAHTyxHGRIHVReokCR3XjbckJMK7ms8FysBfhLR8IXnAgy7T0PTPNBWKiH514FOW/WSg==}
    dev: false
